
Microsoft Visual Studio Solution File, Format Version 12.00
# Visual Studio Version 16
VisualStudioVersion = 16.0.29728.190
MinimumVisualStudioVersion = 10.0.40219.1
Project("{FAE04EC0-301F-11D3-BF4B-00C04F79EFBC}") = "OnlineClothingStore", "OnlineClothingStore\OnlineClothingStore.csproj", "{BB916EF5-F5FF-4CE5-A64C-270C2B194D47}"
EndProject
Global
	GlobalSection(SolutionConfigurationPlatforms) = preSolution
		Debug|Any CPU = Debug|Any CPU
		Release|Any CPU = Release|Any CPU
	EndGlobalSection
	GlobalSection(ProjectConfigurationPlatforms) = postSolution
		{BB916EF5-F5FF-4CE5-A64C-270C2B194D47}.Debug|Any CPU.ActiveCfg = Debug|Any CPU
		{BB916EF5-F5FF-4CE5-A64C-270C2B194D47}.Debug|Any CPU.Build.0 = Debug|Any CPU
		{BB916EF5-F5FF-4CE5-A64C-270C2B194D47}.Release|Any CPU.ActiveCfg = Release|Any CPU
		{BB916EF5-F5FF-4CE5-A64C-270C2B194D47}.Release|Any CPU.Build.0 = Release|Any CPU
	EndGlobalSection
	GlobalSection(SolutionProperties) = preSolution
		HideSolutionNode = FALSE
	EndGlobalSection
	GlobalSection(ExtensibilityGlobals) = postSolution
		SolutionGuid = {24989224-4ACC-4964-84B9-AAD69716EB9A}
	EndGlobalSection
EndGlobal
